<Solution>
  <Configurations>
    <Platform Name="x64" />
    <Platform Name="x86" />
  </Configurations>
  <Project Path="Client-Network/Client-Network.vcxproj" Id="7303e93e-dc4f-4ff8-891b-8b0c16fd34d2" />
  <Project Path="Client-Web/Client-Web.vcxproj" Id="7e99503d-d833-4447-a9f6-5e224e28b73b" />
  <Project Path="Client/Client.vcxproj" Id="bd566839-14db-4776-aaa7-ded23ed30f3b" />
  <Project Path="CoreLib/CoreLib.vcxproj" Id="cbc11248-bd02-43d6-9d3c-2852bacf126c" />
  <Project Path="Server/Server.vcxproj" Id="21e8d7e8-5720-41af-966a-f2f6d2c6eee5" />
</Solution>
